
Microsoft Visual Studio Solution File, Format Version 12.00
# Visual Studio Version 17
VisualStudioVersion = 17.10.34928.147
MinimumVisualStudioVersion = 10.0.40219.1
Project("{FAE04EC0-301F-11D3-BF4B-00C04F79EFBC}") = "JanuaryExam", "JanuaryExam.csproj", "{894665B8-B1F4-414A-82D2-5FAC7C07CC7D}"
EndProject
Global
	GlobalSection(SolutionConfigurationPlatforms) = preSolution
		Debug|Any CPU = Debug|Any CPU
		Release|Any CPU = Release|Any CPU
	EndGlobalSection
	GlobalSection(ProjectConfigurationPlatforms) = postSolution
		{894665B8-B1F4-414A-82D2-5FAC7C07CC7D}.Debug|Any CPU.ActiveCfg = Debug|Any CPU
		{894665B8-B1F4-414A-82D2-5FAC7C07CC7D}.Debug|Any CPU.Build.0 = Debug|Any CPU
		{894665B8-B1F4-414A-82D2-5FAC7C07CC7D}.Release|Any CPU.ActiveCfg = Release|Any CPU
		{894665B8-B1F4-414A-82D2-5FAC7C07CC7D}.Release|Any CPU.Build.0 = Release|Any CPU
	EndGlobalSection
	GlobalSection(SolutionProperties) = preSolution
		HideSolutionNode = FALSE
	EndGlobalSection
	GlobalSection(ExtensibilityGlobals) = postSolution
		SolutionGuid = {E3820DCE-965A-4878-8588-377C6982C83D}
	EndGlobalSection
EndGlobal
